
Microsoft Visual Studio Solution File, Format Version 12.00
# Visual Studio Version 17
VisualStudioVersion = 17.0.31912.275
MinimumVisualStudioVersion = 10.0.40219.1
Project("{FAE04EC0-301F-11D3-BF4B-00C04F79EFBC}") = "Proiect2", "Prohect2\Proiect2.csproj", "{951838A2-44AC-4718-A009-BD5DAB39836B}"
EndProject
Global
	GlobalSection(SolutionConfigurationPlatforms) = preSolution
		Debug|Any CPU = Debug|Any CPU
		Release|Any CPU = Release|Any CPU
	EndGlobalSection
	GlobalSection(ProjectConfigurationPlatforms) = postSolution
		{951838A2-44AC-4718-A009-BD5DAB39836B}.Debug|Any CPU.ActiveCfg = Debug|Any CPU
		{951838A2-44AC-4718-A009-BD5DAB39836B}.Debug|Any CPU.Build.0 = Debug|Any CPU
		{951838A2-44AC-4718-A009-BD5DAB39836B}.Release|Any CPU.ActiveCfg = Release|Any CPU
		{951838A2-44AC-4718-A009-BD5DAB39836B}.Release|Any CPU.Build.0 = Release|Any CPU
	EndGlobalSection
	GlobalSection(SolutionProperties) = preSolution
		HideSolutionNode = FALSE
	EndGlobalSection
	GlobalSection(ExtensibilityGlobals) = postSolution
		SolutionGuid = {AC846F4A-28B6-4CFE-B970-1869AE7D9F87}
	EndGlobalSection
EndGlobal
